# This file is automatically @generated by Cargo.
# It is not intended for manual editing.
version = 4

[[package]]
name = "alba-cli"
version = "0.1.0"

[[package]]
name = "alba-core"
version = "0.1.0"

[[package]]
name = "alba-engine"
version = "0.1.0"

[[package]]
name = "alba-executors"
version = "0.1.0"

[[package]]
name = "alba-syntax"
version = "0.1.0"
